
Microsoft Visual Studio Solution File, Format Version 12.00
# Visual Studio Version 17
VisualStudioVersion = 17.9.34728.123
MinimumVisualStudioVersion = 10.0.40219.1
Project("{9A19103F-16F7-4668-BE54-9A1E7A4F7556}") = "Tea_Store", "Tea_Store.csproj", "{91B95B45-141C-449B-B0C6-9790713BB0AE}"
EndProject
Project("{FAE04EC0-301F-11D3-BF4B-00C04F79EFBC}") = "ViewModels", "..\ViewModels\ViewModels.csproj", "{436E35B1-B184-45B5-99CF-44F98987E3B0}"
EndProject
Global
	GlobalSection(SolutionConfigurationPlatforms) = preSolution
		Debug|Any CPU = Debug|Any CPU
		Release|Any CPU = Release|Any CPU
	EndGlobalSection
	GlobalSection(ProjectConfigurationPlatforms) = postSolution
		{91B95B45-141C-449B-B0C6-9790713BB0AE}.Debug|Any CPU.ActiveCfg = Debug|Any CPU
		{91B95B45-141C-449B-B0C6-9790713BB0AE}.Debug|Any CPU.Build.0 = Debug|Any CPU
		{91B95B45-141C-449B-B0C6-9790713BB0AE}.Release|Any CPU.ActiveCfg = Release|Any CPU
		{91B95B45-141C-449B-B0C6-9790713BB0AE}.Release|Any CPU.Build.0 = Release|Any CPU
		{436E35B1-B184-45B5-99CF-44F98987E3B0}.Debug|Any CPU.ActiveCfg = Debug|Any CPU
		{436E35B1-B184-45B5-99CF-44F98987E3B0}.Debug|Any CPU.Build.0 = Debug|Any CPU
		{436E35B1-B184-45B5-99CF-44F98987E3B0}.Release|Any CPU.ActiveCfg = Release|Any CPU
		{436E35B1-B184-45B5-99CF-44F98987E3B0}.Release|Any CPU.Build.0 = Release|Any CPU
	EndGlobalSection
	GlobalSection(SolutionProperties) = preSolution
		HideSolutionNode = FALSE
	EndGlobalSection
	GlobalSection(ExtensibilityGlobals) = postSolution
		SolutionGuid = {E5F9FDDD-E5FE-494F-8DBE-36DCF09A0955}
	EndGlobalSection
EndGlobal
