
Microsoft Visual Studio Solution File, Format Version 12.00
# Visual Studio Version 17
VisualStudioVersion = 17.9.34728.123
MinimumVisualStudioVersion = 10.0.40219.1
Project("{FAE04EC0-301F-11D3-BF4B-00C04F79EFBC}") = "Tea_Store", "Tea_Store.csproj", "{BB12D42D-4D4E-4D62-B927-FF4BD37339C7}"
EndProject
Global
	GlobalSection(SolutionConfigurationPlatforms) = preSolution
		Debug|Any CPU = Debug|Any CPU
		Release|Any CPU = Release|Any CPU
	EndGlobalSection
	GlobalSection(ProjectConfigurationPlatforms) = postSolution
		{BB12D42D-4D4E-4D62-B927-FF4BD37339C7}.Debug|Any CPU.ActiveCfg = Debug|Any CPU
		{BB12D42D-4D4E-4D62-B927-FF4BD37339C7}.Debug|Any CPU.Build.0 = Debug|Any CPU
		{BB12D42D-4D4E-4D62-B927-FF4BD37339C7}.Release|Any CPU.ActiveCfg = Release|Any CPU
		{BB12D42D-4D4E-4D62-B927-FF4BD37339C7}.Release|Any CPU.Build.0 = Release|Any CPU
	EndGlobalSection
	GlobalSection(SolutionProperties) = preSolution
		HideSolutionNode = FALSE
	EndGlobalSection
	GlobalSection(ExtensibilityGlobals) = postSolution
		SolutionGuid = {4E96A7EF-3662-4970-AB47-3D1BF1F8CB17}
	EndGlobalSection
EndGlobal
